// !$*UTF8*$!
{
	archiveVersion = 1;
	classes = {
	};
	objectVersion = 46;
	objects = {

/* Begin PBXBuildFile section */
		1D3623260D0F684500981E51 /* NotekataAppDelegate.m in Sources */ = {isa = PBXBuildFile; fileRef = 1D3623250D0F684500981E51 /* NotekataAppDelegate.m */; };
		1D60589B0D05DD56006BFB54 /* main.m in Sources */ = {isa = PBXBuildFile; fileRef = 29B97316FDCFA39411CA2CEA /* main.m */; };
		1D60589F0D05DD5A006BFB54 /* Foundation.framework in Frameworks */ = {isa = PBXBuildFile; fileRef = 1D30AB110D05D00D00671497 /* Foundation.framework */; };
		1DF5F4E00D08C38300B7A737 /* UIKit.framework in Frameworks */ = {isa = PBXBuildFile; fileRef = 1DF5F4DF0D08C38300B7A737 /* UIKit.framework */; };
		2892E4100DC94CBA00A64D0F /* CoreGraphics.framework in Frameworks */ = {isa = PBXBuildFile; fileRef = 2892E40F0DC94CBA00A64D0F /* CoreGraphics.framework */; };
		28AD73600D9D9599002E5188 /* MainWindow.xib in Resources */ = {isa = PBXBuildFile; fileRef = 28AD735F0D9D9599002E5188 /* MainWindow.xib */; };
		9F48CDD51226C342002CAC54 /* NKTTextViewGestureRecognizerDelegate.m in Sources */ = {isa = PBXBuildFile; fileRef = 9F48CDD41226C342002CAC54 /* NKTTextViewGestureRecognizerDelegate.m */; };
		9F4F217F1226D37C00FC2367 /* License.txt in Resources */ = {isa = PBXBuildFile; fileRef = 9F4F217E1226D37C00FC2367 /* License.txt */; };
		9FDDDC7E1228F34E009BFCED /* NKTDragGestureRecognizer.m in Sources */ = {isa = PBXBuildFile; fileRef = 9FDDDC7D1228F34E009BFCED /* NKTDragGestureRecognizer.m */; };
		9FDDDDC412291912009BFCED /* NKTGestureRecognizerUtilites.m in Sources */ = {isa = PBXBuildFile; fileRef = 9FDDDDC312291912009BFCED /* NKTGestureRecognizerUtilites.m */; };
		9FDDDF5E12295FAA009BFCED /* NKTLogging.m in Sources */ = {isa = PBXBuildFile; fileRef = 9FDDDF5D12295FAA009BFCED /* NKTLogging.m */; };
		9FDDE03A12296A4C009BFCED /* NKTFont.m in Sources */ = {isa = PBXBuildFile; fileRef = 9FDDE03912296A4C009BFCED /* NKTFont.m */; };
		9FFAD4B31226A8AD00218B2A /* NotekataViewController.m in Sources */ = {isa = PBXBuildFile; fileRef = 9FFAD4B21226A8AD00218B2A /* NotekataViewController.m */; };
		F520393512097B1B00675702 /* NotekataViewController.xib in Resources */ = {isa = PBXBuildFile; fileRef = F520393412097B1B00675702 /* NotekataViewController.xib */; };
		F520394E12097D3600675702 /* NKTTestText.m in Sources */ = {isa = PBXBuildFile; fileRef = F520394D12097D3600675702 /* NKTTestText.m */; };
		F5267D9F121AD23D003CA42D /* NKTCaret.m in Sources */ = {isa = PBXBuildFile; fileRef = F5267D9E121AD23D003CA42D /* NKTCaret.m */; };
		F52EFA9F121B7492007A4951 /* NKTTextPosition.m in Sources */ = {isa = PBXBuildFile; fileRef = F52EFA9E121B7492007A4951 /* NKTTextPosition.m */; };
		F52EFAA4121B74B7007A4951 /* NKTTextRange.m in Sources */ = {isa = PBXBuildFile; fileRef = F52EFAA3121B74B7007A4951 /* NKTTextRange.m */; };
		F544536311ED61A5009D392B /* NKTTextView.m in Sources */ = {isa = PBXBuildFile; fileRef = F544536111ED61A5009D392B /* NKTTextView.m */; };
		F54453B311ED6371009D392B /* CreamPaperPattern.png in Resources */ = {isa = PBXBuildFile; fileRef = F54453AF11ED6371009D392B /* CreamPaperPattern.png */; };
		F54453B411ED6371009D392B /* PlainPaperPattern.png in Resources */ = {isa = PBXBuildFile; fileRef = F54453B011ED6371009D392B /* PlainPaperPattern.png */; };
		F54453B511ED6371009D392B /* RedCoverPattern.png in Resources */ = {isa = PBXBuildFile; fileRef = F54453B111ED6371009D392B /* RedCoverPattern.png */; };
		F5632B0211DD9D1000868F7B /* CoreText.framework in Frameworks */ = {isa = PBXBuildFile; fileRef = F5632B0111DD9D1000868F7B /* CoreText.framework */; };
		F5D12AA011F2ECA20049C2CE /* NKTLine.m in Sources */ = {isa = PBXBuildFile; fileRef = F5D12A9F11F2ECA20049C2CE /* NKTLine.m */; };
		F5D56D5812129CFA0010849C /* NKTTextSection.m in Sources */ = {isa = PBXBuildFile; fileRef = F5D56D5712129CFA0010849C /* NKTTextSection.m */; };
		F5E4990912143A4600C788A1 /* Todo.txt in Resources */ = {isa = PBXBuildFile; fileRef = F5E4990812143A4600C788A1 /* Todo.txt */; };
		F5F94DA411DC4DC1004AB62C /* Icon-72.png in Resources */ = {isa = PBXBuildFile; fileRef = F5F94DA311DC4DC1004AB62C /* Icon-72.png */; };
/* End PBXBuildFile section */

/* Begin PBXFileReference section */
		1D30AB110D05D00D00671497 /* Foundation.framework */ = {isa = PBXFileReference; lastKnownFileType = wrapper.framework; name = Foundation.framework; path = System/Library/Frameworks/Foundation.framework; sourceTree = SDKROOT; };
		1D3623240D0F684500981E51 /* NotekataAppDelegate.h */ = {isa = PBXFileReference; fileEncoding = 4; lastKnownFileType = sourcecode.c.h; path = NotekataAppDelegate.h; sourceTree = "<group>"; };
		1D3623250D0F684500981E51 /* NotekataAppDelegate.m */ = {isa = PBXFileReference; fileEncoding = 4; lastKnownFileType = sourcecode.c.objc; path = NotekataAppDelegate.m; sourceTree = "<group>"; };
		1D6058910D05DD3D006BFB54 /* Notekata.app */ = {isa = PBXFileReference; explicitFileType = wrapper.application; includeInIndex = 0; path = Notekata.app; sourceTree = BUILT_PRODUCTS_DIR; };
		1DF5F4DF0D08C38300B7A737 /* UIKit.framework */ = {isa = PBXFileReference; lastKnownFileType = wrapper.framework; name = UIKit.framework; path = System/Library/Frameworks/UIKit.framework; sourceTree = SDKROOT; };
		2892E40F0DC94CBA00A64D0F /* CoreGraphics.framework */ = {isa = PBXFileReference; lastKnownFileType = wrapper.framework; name = CoreGraphics.framework; path = System/Library/Frameworks/CoreGraphics.framework; sourceTree = SDKROOT; };
		28A0AAE50D9B0CCF005BE974 /* Notekata_Prefix.pch */ = {isa = PBXFileReference; fileEncoding = 4; lastKnownFileType = sourcecode.c.h; path = Notekata_Prefix.pch; sourceTree = "<group>"; };
		28AD735F0D9D9599002E5188 /* MainWindow.xib */ = {isa = PBXFileReference; lastKnownFileType = file.xib; path = MainWindow.xib; sourceTree = "<group>"; };
		29B97316FDCFA39411CA2CEA /* main.m */ = {isa = PBXFileReference; fileEncoding = 4; lastKnownFileType = sourcecode.c.objc; path = main.m; sourceTree = "<group>"; };
		8D1107310486CEB800E47090 /* Notekata-Info.plist */ = {isa = PBXFileReference; fileEncoding = 4; lastKnownFileType = text.plist.xml; path = "Notekata-Info.plist"; plistStructureDefinitionIdentifier = "com.apple.xcode.plist.structure-definition.iphone.info-plist"; sourceTree = "<group>"; };
		9F48CDD31226C342002CAC54 /* NKTTextViewGestureRecognizerDelegate.h */ = {isa = PBXFileReference; fileEncoding = 4; lastKnownFileType = sourcecode.c.h; path = NKTTextViewGestureRecognizerDelegate.h; sourceTree = "<group>"; };
		9F48CDD41226C342002CAC54 /* NKTTextViewGestureRecognizerDelegate.m */ = {isa = PBXFileReference; fileEncoding = 4; lastKnownFileType = sourcecode.c.objc; path = NKTTextViewGestureRecognizerDelegate.m; sourceTree = "<group>"; };
		9F4F217E1226D37C00FC2367 /* License.txt */ = {isa = PBXFileReference; fileEncoding = 4; lastKnownFileType = text; path = License.txt; sourceTree = "<group>"; };
		9FDDDC7C1228F34E009BFCED /* NKTDragGestureRecognizer.h */ = {isa = PBXFileReference; fileEncoding = 4; lastKnownFileType = sourcecode.c.h; path = NKTDragGestureRecognizer.h; sourceTree = "<group>"; };
		9FDDDC7D1228F34E009BFCED /* NKTDragGestureRecognizer.m */ = {isa = PBXFileReference; fileEncoding = 4; lastKnownFileType = sourcecode.c.objc; path = NKTDragGestureRecognizer.m; sourceTree = "<group>"; };
		9FDDDDC212291912009BFCED /* NKTGestureRecognizerUtilites.h */ = {isa = PBXFileReference; fileEncoding = 4; lastKnownFileType = sourcecode.c.h; path = NKTGestureRecognizerUtilites.h; sourceTree = "<group>"; };
		9FDDDDC312291912009BFCED /* NKTGestureRecognizerUtilites.m */ = {isa = PBXFileReference; fileEncoding = 4; lastKnownFileType = sourcecode.c.objc; path = NKTGestureRecognizerUtilites.m; sourceTree = "<group>"; };
		9FDDDF5C12295FAA009BFCED /* NKTLogging.h */ = {isa = PBXFileReference; fileEncoding = 4; lastKnownFileType = sourcecode.c.h; path = NKTLogging.h; sourceTree = "<group>"; };
		9FDDDF5D12295FAA009BFCED /* NKTLogging.m */ = {isa = PBXFileReference; fileEncoding = 4; lastKnownFileType = sourcecode.c.objc; path = NKTLogging.m; sourceTree = "<group>"; };
		9FDDE03812296A4C009BFCED /* NKTFont.h */ = {isa = PBXFileReference; fileEncoding = 4; lastKnownFileType = sourcecode.c.h; path = NKTFont.h; sourceTree = "<group>"; };
		9FDDE03912296A4C009BFCED /* NKTFont.m */ = {isa = PBXFileReference; fileEncoding = 4; lastKnownFileType = sourcecode.c.objc; path = NKTFont.m; sourceTree = "<group>"; };
		9FFAD4B21226A8AD00218B2A /* NotekataViewController.m */ = {isa = PBXFileReference; fileEncoding = 4; lastKnownFileType = sourcecode.c.objc; path = NotekataViewController.m; sourceTree = "<group>"; };
		F5030A7811D3555B002CD3BD /* NotekataViewController.h */ = {isa = PBXFileReference; fileEncoding = 4; lastKnownFileType = sourcecode.c.h; path = NotekataViewController.h; sourceTree = "<group>"; };
		F520393412097B1B00675702 /* NotekataViewController.xib */ = {isa = PBXFileReference; lastKnownFileType = file.xib; path = NotekataViewController.xib; sourceTree = "<group>"; };
		F520394C12097D3600675702 /* NKTTestText.h */ = {isa = PBXFileReference; fileEncoding = 4; lastKnownFileType = sourcecode.c.h; path = NKTTestText.h; sourceTree = "<group>"; };
		F520394D12097D3600675702 /* NKTTestText.m */ = {isa = PBXFileReference; fileEncoding = 4; lastKnownFileType = sourcecode.c.objc; path = NKTTestText.m; sourceTree = "<group>"; };
		F5267D9D121AD23D003CA42D /* NKTCaret.h */ = {isa = PBXFileReference; fileEncoding = 4; lastKnownFileType = sourcecode.c.h; path = NKTCaret.h; sourceTree = "<group>"; };
		F5267D9E121AD23D003CA42D /* NKTCaret.m */ = {isa = PBXFileReference; fileEncoding = 4; lastKnownFileType = sourcecode.c.objc; path = NKTCaret.m; sourceTree = "<group>"; };
		F52EFA9D121B7492007A4951 /* NKTTextPosition.h */ = {isa = PBXFileReference; fileEncoding = 4; lastKnownFileType = sourcecode.c.h; path = NKTTextPosition.h; sourceTree = "<group>"; };
		F52EFA9E121B7492007A4951 /* NKTTextPosition.m */ = {isa = PBXFileReference; fileEncoding = 4; lastKnownFileType = sourcecode.c.objc; path = NKTTextPosition.m; sourceTree = "<group>"; };
		F52EFAA2121B74B7007A4951 /* NKTTextRange.h */ = {isa = PBXFileReference; fileEncoding = 4; lastKnownFileType = sourcecode.c.h; path = NKTTextRange.h; sourceTree = "<group>"; };
		F52EFAA3121B74B7007A4951 /* NKTTextRange.m */ = {isa = PBXFileReference; fileEncoding = 4; lastKnownFileType = sourcecode.c.objc; path = NKTTextRange.m; sourceTree = "<group>"; };
		F544536011ED61A5009D392B /* NKTTextView.h */ = {isa = PBXFileReference; fileEncoding = 4; lastKnownFileType = sourcecode.c.h; path = NKTTextView.h; sourceTree = "<group>"; };
		F544536111ED61A5009D392B /* NKTTextView.m */ = {isa = PBXFileReference; fileEncoding = 4; lastKnownFileType = sourcecode.c.objc; path = NKTTextView.m; sourceTree = "<group>"; };
		F54453AF11ED6371009D392B /* CreamPaperPattern.png */ = {isa = PBXFileReference; lastKnownFileType = image.png; path = CreamPaperPattern.png; sourceTree = "<group>"; };
		F54453B011ED6371009D392B /* PlainPaperPattern.png */ = {isa = PBXFileReference; lastKnownFileType = image.png; path = PlainPaperPattern.png; sourceTree = "<group>"; };
		F54453B111ED6371009D392B /* RedCoverPattern.png */ = {isa = PBXFileReference; lastKnownFileType = image.png; path = RedCoverPattern.png; sourceTree = "<group>"; };
		F5632B0111DD9D1000868F7B /* CoreText.framework */ = {isa = PBXFileReference; lastKnownFileType = wrapper.framework; name = CoreText.framework; path = System/Library/Frameworks/CoreText.framework; sourceTree = SDKROOT; };
		F5D12A9E11F2ECA20049C2CE /* NKTLine.h */ = {isa = PBXFileReference; fileEncoding = 4; lastKnownFileType = sourcecode.c.h; path = NKTLine.h; sourceTree = "<group>"; };
		F5D12A9F11F2ECA20049C2CE /* NKTLine.m */ = {isa = PBXFileReference; fileEncoding = 4; lastKnownFileType = sourcecode.c.objc; path = NKTLine.m; sourceTree = "<group>"; };
		F5D56D5612129CFA0010849C /* NKTTextSection.h */ = {isa = PBXFileReference; fileEncoding = 4; lastKnownFileType = sourcecode.c.h; path = NKTTextSection.h; sourceTree = "<group>"; };
		F5D56D5712129CFA0010849C /* NKTTextSection.m */ = {isa = PBXFileReference; fileEncoding = 4; lastKnownFileType = sourcecode.c.objc; path = NKTTextSection.m; sourceTree = "<group>"; };
		F5E4990812143A4600C788A1 /* Todo.txt */ = {isa = PBXFileReference; fileEncoding = 4; lastKnownFileType = text; path = Todo.txt; sourceTree = "<group>"; };
		F5F94DA311DC4DC1004AB62C /* Icon-72.png */ = {isa = PBXFileReference; lastKnownFileType = image.png; path = "Icon-72.png"; sourceTree = "<group>"; };
/* End PBXFileReference section */

/* Begin PBXFrameworksBuildPhase section */
		1D60588F0D05DD3D006BFB54 /* Frameworks */ = {
			isa = PBXFrameworksBuildPhase;
			buildActionMask = 2147483647;
			files = (
				1D60589F0D05DD5A006BFB54 /* Foundation.framework in Frameworks */,
				1DF5F4E00D08C38300B7A737 /* UIKit.framework in Frameworks */,
				2892E4100DC94CBA00A64D0F /* CoreGraphics.framework in Frameworks */,
				F5632B0211DD9D1000868F7B /* CoreText.framework in Frameworks */,
			);
			runOnlyForDeploymentPostprocessing = 0;
		};
/* End PBXFrameworksBuildPhase section */

/* Begin PBXGroup section */
		080E96DDFE201D6D7F000001 /* Classes */ = {
			isa = PBXGroup;
			children = (
				F5632AAB11DD92D800868F7B /* Models */,
				F5632AAC11DD92DE00868F7B /* Views */,
				F5632AAA11DD92CF00868F7B /* Controllers */,
				9FDDDE2D12291C42009BFCED /* Support */,
			);
			path = Classes;
			sourceTree = "<group>";
		};
		19C28FACFE9D520D11CA2CBB /* Products */ = {
			isa = PBXGroup;
			children = (
				1D6058910D05DD3D006BFB54 /* Notekata.app */,
			);
			name = Products;
			sourceTree = "<group>";
		};
		29B97314FDCFA39411CA2CEA /* CustomTemplate */ = {
			isa = PBXGroup;
			children = (
				F5E4990812143A4600C788A1 /* Todo.txt */,
				9F4F217E1226D37C00FC2367 /* License.txt */,
				080E96DDFE201D6D7F000001 /* Classes */,
				29B97315FDCFA39411CA2CEA /* Other Sources */,
				29B97317FDCFA39411CA2CEA /* Resources */,
				29B97323FDCFA39411CA2CEA /* Frameworks */,
				19C28FACFE9D520D11CA2CBB /* Products */,
			);
			name = CustomTemplate;
			sourceTree = "<group>";
		};
		29B97315FDCFA39411CA2CEA /* Other Sources */ = {
			isa = PBXGroup;
			children = (
				28A0AAE50D9B0CCF005BE974 /* Notekata_Prefix.pch */,
				29B97316FDCFA39411CA2CEA /* main.m */,
			);
			path = "Other Sources";
			sourceTree = "<group>";
		};
		29B97317FDCFA39411CA2CEA /* Resources */ = {
			isa = PBXGroup;
			children = (
				F54453AF11ED6371009D392B /* CreamPaperPattern.png */,
				F5F94DA311DC4DC1004AB62C /* Icon-72.png */,
				28AD735F0D9D9599002E5188 /* MainWindow.xib */,
				8D1107310486CEB800E47090 /* Notekata-Info.plist */,
				F520393412097B1B00675702 /* NotekataViewController.xib */,
				F54453B011ED6371009D392B /* PlainPaperPattern.png */,
				F54453B111ED6371009D392B /* RedCoverPattern.png */,
			);
			path = Resources;
			sourceTree = "<group>";
		};
		29B97323FDCFA39411CA2CEA /* Frameworks */ = {
			isa = PBXGroup;
			children = (
				1DF5F4DF0D08C38300B7A737 /* UIKit.framework */,
				1D30AB110D05D00D00671497 /* Foundation.framework */,
				2892E40F0DC94CBA00A64D0F /* CoreGraphics.framework */,
				F5632B0111DD9D1000868F7B /* CoreText.framework */,
			);
			name = Frameworks;
			sourceTree = "<group>";
		};
		9FDDDE2D12291C42009BFCED /* Support */ = {
			isa = PBXGroup;
			children = (
				9FDDDDC212291912009BFCED /* NKTGestureRecognizerUtilites.h */,
				9FDDDDC312291912009BFCED /* NKTGestureRecognizerUtilites.m */,
				9FDDDF5C12295FAA009BFCED /* NKTLogging.h */,
				9FDDDF5D12295FAA009BFCED /* NKTLogging.m */,
			);
			name = Support;
			sourceTree = "<group>";
		};
		F5632AAA11DD92CF00868F7B /* Controllers */ = {
			isa = PBXGroup;
			children = (
				1D3623240D0F684500981E51 /* NotekataAppDelegate.h */,
				1D3623250D0F684500981E51 /* NotekataAppDelegate.m */,
				F5030A7811D3555B002CD3BD /* NotekataViewController.h */,
				9FFAD4B21226A8AD00218B2A /* NotekataViewController.m */,
			);
			name = Controllers;
			sourceTree = "<group>";
		};
		F5632AAB11DD92D800868F7B /* Models */ = {
			isa = PBXGroup;
			children = (
				F520394C12097D3600675702 /* NKTTestText.h */,
				F520394D12097D3600675702 /* NKTTestText.m */,
			);
			name = Models;
			sourceTree = "<group>";
		};
		F5632AAC11DD92DE00868F7B /* Views */ = {
			isa = PBXGroup;
			children = (
				F5267D9D121AD23D003CA42D /* NKTCaret.h */,
				F5267D9E121AD23D003CA42D /* NKTCaret.m */,
				9FDDDC7C1228F34E009BFCED /* NKTDragGestureRecognizer.h */,
				9FDDDC7D1228F34E009BFCED /* NKTDragGestureRecognizer.m */,
				9FDDE03812296A4C009BFCED /* NKTFont.h */,
				9FDDE03912296A4C009BFCED /* NKTFont.m */,
				F5D12A9E11F2ECA20049C2CE /* NKTLine.h */,
				F5D12A9F11F2ECA20049C2CE /* NKTLine.m */,
				F52EFA9D121B7492007A4951 /* NKTTextPosition.h */,
				F52EFA9E121B7492007A4951 /* NKTTextPosition.m */,
				F52EFAA2121B74B7007A4951 /* NKTTextRange.h */,
				F52EFAA3121B74B7007A4951 /* NKTTextRange.m */,
				F5D56D5612129CFA0010849C /* NKTTextSection.h */,
				F5D56D5712129CFA0010849C /* NKTTextSection.m */,
				F544536011ED61A5009D392B /* NKTTextView.h */,
				F544536111ED61A5009D392B /* NKTTextView.m */,
				9F48CDD31226C342002CAC54 /* NKTTextViewGestureRecognizerDelegate.h */,
				9F48CDD41226C342002CAC54 /* NKTTextViewGestureRecognizerDelegate.m */,
			);
			name = Views;
			sourceTree = "<group>";
		};
/* End PBXGroup section */

/* Begin PBXNativeTarget section */
		1D6058900D05DD3D006BFB54 /* Notekata */ = {
			isa = PBXNativeTarget;
			buildConfigurationList = 1D6058960D05DD3E006BFB54 /* Build configuration list for PBXNativeTarget "Notekata" */;
			buildPhases = (
				1D60588D0D05DD3D006BFB54 /* Resources */,
				1D60588E0D05DD3D006BFB54 /* Sources */,
				1D60588F0D05DD3D006BFB54 /* Frameworks */,
			);
			buildRules = (
			);
			dependencies = (
			);
			name = Notekata;
			productName = Notekata;
			productReference = 1D6058910D05DD3D006BFB54 /* Notekata.app */;
			productType = "com.apple.product-type.application";
		};
/* End PBXNativeTarget section */

/* Begin PBXProject section */
		29B97313FDCFA39411CA2CEA /* Project object */ = {
			isa = PBXProject;
			buildConfigurationList = C01FCF4E08A954540054247B /* Build configuration list for PBXProject "Notekata" */;
			compatibilityVersion = "Xcode 3.2";
			hasScannedForEncodings = 1;
			knownRegions = (
				English,
				Japanese,
				French,
				German,
				en,
			);
			mainGroup = 29B97314FDCFA39411CA2CEA /* CustomTemplate */;
			projectDirPath = "";
			projectRoot = "";
			targets = (
				1D6058900D05DD3D006BFB54 /* Notekata */,
			);
		};
/* End PBXProject section */

/* Begin PBXResourcesBuildPhase section */
		1D60588D0D05DD3D006BFB54 /* Resources */ = {
			isa = PBXResourcesBuildPhase;
			buildActionMask = 2147483647;
			files = (
				28AD73600D9D9599002E5188 /* MainWindow.xib in Resources */,
				F5F94DA411DC4DC1004AB62C /* Icon-72.png in Resources */,
				F54453B311ED6371009D392B /* CreamPaperPattern.png in Resources */,
				F54453B411ED6371009D392B /* PlainPaperPattern.png in Resources */,
				F54453B511ED6371009D392B /* RedCoverPattern.png in Resources */,
				F520393512097B1B00675702 /* NotekataViewController.xib in Resources */,
				F5E4990912143A4600C788A1 /* Todo.txt in Resources */,
				9F4F217F1226D37C00FC2367 /* License.txt in Resources */,
			);
			runOnlyForDeploymentPostprocessing = 0;
		};
/* End PBXResourcesBuildPhase section */

/* Begin PBXSourcesBuildPhase section */
		1D60588E0D05DD3D006BFB54 /* Sources */ = {
			isa = PBXSourcesBuildPhase;
			buildActionMask = 2147483647;
			files = (
				1D60589B0D05DD56006BFB54 /* main.m in Sources */,
				1D3623260D0F684500981E51 /* NotekataAppDelegate.m in Sources */,
				F544536311ED61A5009D392B /* NKTTextView.m in Sources */,
				F5D12AA011F2ECA20049C2CE /* NKTLine.m in Sources */,
				F520394E12097D3600675702 /* NKTTestText.m in Sources */,
				F5D56D5812129CFA0010849C /* NKTTextSection.m in Sources */,
				F5267D9F121AD23D003CA42D /* NKTCaret.m in Sources */,
				F52EFA9F121B7492007A4951 /* NKTTextPosition.m in Sources */,
				F52EFAA4121B74B7007A4951 /* NKTTextRange.m in Sources */,
				9FFAD4B31226A8AD00218B2A /* NotekataViewController.m in Sources */,
				9F48CDD51226C342002CAC54 /* NKTTextViewGestureRecognizerDelegate.m in Sources */,
				9FDDDC7E1228F34E009BFCED /* NKTDragGestureRecognizer.m in Sources */,
				9FDDDDC412291912009BFCED /* NKTGestureRecognizerUtilites.m in Sources */,
				9FDDDF5E12295FAA009BFCED /* NKTLogging.m in Sources */,
				9FDDE03A12296A4C009BFCED /* NKTFont.m in Sources */,
			);
			runOnlyForDeploymentPostprocessing = 0;
		};
/* End PBXSourcesBuildPhase section */

/* Begin XCBuildConfiguration section */
		1D6058940D05DD3E006BFB54 /* Debug */ = {
			isa = XCBuildConfiguration;
			buildSettings = {
				ALWAYS_SEARCH_USER_PATHS = NO;
				COPY_PHASE_STRIP = NO;
				GCC_DYNAMIC_NO_PIC = NO;
				GCC_OPTIMIZATION_LEVEL = 0;
				GCC_PRECOMPILE_PREFIX_HEADER = YES;
				GCC_PREFIX_HEADER = "Other Sources/Notekata_Prefix.pch";
				GCC_PREPROCESSOR_DEFINITIONS = "NKT_LOGGING_DEBUG_ENABLED=1";
				GCC_TREAT_WARNINGS_AS_ERRORS = YES;
				GCC_VERSION = com.apple.compilers.llvm.clang.1_0;
				INFOPLIST_FILE = "Resources/Notekata-Info.plist";
				IPHONEOS_DEPLOYMENT_TARGET = 3.2;
				PRODUCT_NAME = Notekata;
				WARNING_CFLAGS = "-Wall";
			};
			name = Debug;
		};
		1D6058950D05DD3E006BFB54 /* Release */ = {
			isa = XCBuildConfiguration;
			buildSettings = {
				ALWAYS_SEARCH_USER_PATHS = NO;
				COPY_PHASE_STRIP = YES;
				GCC_PRECOMPILE_PREFIX_HEADER = YES;
				GCC_PREFIX_HEADER = "Other Sources/Notekata_Prefix.pch";
				GCC_TREAT_WARNINGS_AS_ERRORS = YES;
				GCC_VERSION = com.apple.compilers.llvm.clang.1_0;
				INFOPLIST_FILE = "Resources/Notekata-Info.plist";
				PRODUCT_NAME = Notekata;
				VALIDATE_PRODUCT = YES;
				WARNING_CFLAGS = "-Wall";
			};
			name = Release;
		};
		C01FCF4F08A954540054247B /* Debug */ = {
			isa = XCBuildConfiguration;
			buildSettings = {
				ARCHS = "$(ARCHS_UNIVERSAL_IPHONE_OS)";
				"CODE_SIGN_IDENTITY[sdk=iphoneos*]" = "iPhone Developer";
				GCC_C_LANGUAGE_STANDARD = c99;
				GCC_OPTIMIZATION_LEVEL = 0;
				GCC_VERSION = com.apple.compilers.llvm.clang.1_0;
				GCC_WARN_ABOUT_RETURN_TYPE = YES;
				GCC_WARN_UNUSED_VARIABLE = YES;
				IPHONEOS_DEPLOYMENT_TARGET = 3.2;
				PREBINDING = NO;
				RUN_CLANG_STATIC_ANALYZER = YES;
				SDKROOT = iphoneos4.0;
				TARGETED_DEVICE_FAMILY = 2;
			};
			name = Debug;
		};
		C01FCF5008A954540054247B /* Release */ = {
			isa = XCBuildConfiguration;
			buildSettings = {
				ARCHS = "$(ARCHS_UNIVERSAL_IPHONE_OS)";
				"CODE_SIGN_IDENTITY[sdk=iphoneos*]" = "iPhone Developer";
				GCC_C_LANGUAGE_STANDARD = c99;
				GCC_VERSION = com.apple.compilers.llvm.clang.1_0;
				GCC_WARN_ABOUT_RETURN_TYPE = YES;
				GCC_WARN_UNUSED_VARIABLE = YES;
				IPHONEOS_DEPLOYMENT_TARGET = 3.2;
				OTHER_CFLAGS = "-DNS_BLOCK_ASSERTIONS=1";
				PREBINDING = NO;
				RUN_CLANG_STATIC_ANALYZER = YES;
				SDKROOT = iphoneos4.0;
				TARGETED_DEVICE_FAMILY = 2;
			};
			name = Release;
		};
/* End XCBuildConfiguration section */

/* Begin XCConfigurationList section */
		1D6058960D05DD3E006BFB54 /* Build configuration list for PBXNativeTarget "Notekata" */ = {
			isa = XCConfigurationList;
			buildConfigurations = (
				1D6058940D05DD3E006BFB54 /* Debug */,
				1D6058950D05DD3E006BFB54 /* Release */,
			);
			defaultConfigurationIsVisible = 0;
			defaultConfigurationName = Release;
		};
		C01FCF4E08A954540054247B /* Build configuration list for PBXProject "Notekata" */ = {
			isa = XCConfigurationList;
			buildConfigurations = (
				C01FCF4F08A954540054247B /* Debug */,
				C01FCF5008A954540054247B /* Release */,
			);
			defaultConfigurationIsVisible = 0;
			defaultConfigurationName = Release;
		};
/* End XCConfigurationList section */
	};
	rootObject = 29B97313FDCFA39411CA2CEA /* Project object */;
}
